
Microsoft Visual Studio Solution File, Format Version 12.00
# Visual Studio Version 16
VisualStudioVersion = 16.0.31112.23
MinimumVisualStudioVersion = 10.0.40219.1
Project("{9A19103F-16F7-4668-BE54-9A1E7A4F7556}") = "LinkFounder.Logic", "LinkFounder\LinkFounder.Logic.csproj", "{B6E2EA94-77A7-49BC-86EA-9C2F09AB3025}"
EndProject
Project("{9A19103F-16F7-4668-BE54-9A1E7A4F7556}") = "LinkFounder.Logic.Tests", "LinkFounder.Tests\LinkFounder.Logic.Tests.csproj", "{58AE5D72-1E8F-425F-96A6-82D2E6AB8DEF}"
EndProject
Project("{9A19103F-16F7-4668-BE54-9A1E7A4F7556}") = "LinkFounder.ConsoleView", "LinkFounderConsoleView\LinkFounder.ConsoleView.csproj", "{B01B5C66-9809-4882-A7DD-984B2A3636C2}"
EndProject
Project("{9A19103F-16F7-4668-BE54-9A1E7A4F7556}") = "LinkFounder.ConsoleView.Tests", "LinkFounderConsoleView.Tests\LinkFounder.ConsoleView.Tests.csproj", "{97986E37-CAFA-4A87-8748-393DBB1759E3}"
EndProject
Project("{9A19103F-16F7-4668-BE54-9A1E7A4F7556}") = "LinkFounder.DbSaver", "LinkFounder.DbSaver\LinkFounder.DbSaver.csproj", "{D00E6C6D-AFDD-4281-8160-679C0BA97352}"
EndProject
Project("{FAE04EC0-301F-11D3-BF4B-00C04F79EFBC}") = "LinkFounder.DbSaver.Tests", "LinkFounder.DbSaver.Tests\LinkFounder.DbSaver.Tests.csproj", "{5F85AC55-E8E0-4837-B800-9B177A87E4AD}"
EndProject
Global
	GlobalSection(SolutionConfigurationPlatforms) = preSolution
		Debug|Any CPU = Debug|Any CPU
		Release|Any CPU = Release|Any CPU
	EndGlobalSection
	GlobalSection(ProjectConfigurationPlatforms) = postSolution
		{B6E2EA94-77A7-49BC-86EA-9C2F09AB3025}.Debug|Any CPU.ActiveCfg = Debug|Any CPU
		{B6E2EA94-77A7-49BC-86EA-9C2F09AB3025}.Debug|Any CPU.Build.0 = Debug|Any CPU
		{B6E2EA94-77A7-49BC-86EA-9C2F09AB3025}.Release|Any CPU.ActiveCfg = Release|Any CPU
		{B6E2EA94-77A7-49BC-86EA-9C2F09AB3025}.Release|Any CPU.Build.0 = Release|Any CPU
		{58AE5D72-1E8F-425F-96A6-82D2E6AB8DEF}.Debug|Any CPU.ActiveCfg = Debug|Any CPU
		{58AE5D72-1E8F-425F-96A6-82D2E6AB8DEF}.Debug|Any CPU.Build.0 = Debug|Any CPU
		{58AE5D72-1E8F-425F-96A6-82D2E6AB8DEF}.Release|Any CPU.ActiveCfg = Release|Any CPU
		{58AE5D72-1E8F-425F-96A6-82D2E6AB8DEF}.Release|Any CPU.Build.0 = Release|Any CPU
		{B01B5C66-9809-4882-A7DD-984B2A3636C2}.Debug|Any CPU.ActiveCfg = Debug|Any CPU
		{B01B5C66-9809-4882-A7DD-984B2A3636C2}.Debug|Any CPU.Build.0 = Debug|Any CPU
		{B01B5C66-9809-4882-A7DD-984B2A3636C2}.Release|Any CPU.ActiveCfg = Release|Any CPU
		{B01B5C66-9809-4882-A7DD-984B2A3636C2}.Release|Any CPU.Build.0 = Release|Any CPU
		{97986E37-CAFA-4A87-8748-393DBB1759E3}.Debug|Any CPU.ActiveCfg = Debug|Any CPU
		{97986E37-CAFA-4A87-8748-393DBB1759E3}.Debug|Any CPU.Build.0 = Debug|Any CPU
		{97986E37-CAFA-4A87-8748-393DBB1759E3}.Release|Any CPU.ActiveCfg = Release|Any CPU
		{97986E37-CAFA-4A87-8748-393DBB1759E3}.Release|Any CPU.Build.0 = Release|Any CPU
		{D00E6C6D-AFDD-4281-8160-679C0BA97352}.Debug|Any CPU.ActiveCfg = Debug|Any CPU
		{D00E6C6D-AFDD-4281-8160-679C0BA97352}.Debug|Any CPU.Build.0 = Debug|Any CPU
		{D00E6C6D-AFDD-4281-8160-679C0BA97352}.Release|Any CPU.ActiveCfg = Release|Any CPU
		{D00E6C6D-AFDD-4281-8160-679C0BA97352}.Release|Any CPU.Build.0 = Release|Any CPU
		{5F85AC55-E8E0-4837-B800-9B177A87E4AD}.Debug|Any CPU.ActiveCfg = Debug|Any CPU
		{5F85AC55-E8E0-4837-B800-9B177A87E4AD}.Debug|Any CPU.Build.0 = Debug|Any CPU
		{5F85AC55-E8E0-4837-B800-9B177A87E4AD}.Release|Any CPU.ActiveCfg = Release|Any CPU
		{5F85AC55-E8E0-4837-B800-9B177A87E4AD}.Release|Any CPU.Build.0 = Release|Any CPU
	EndGlobalSection
	GlobalSection(SolutionProperties) = preSolution
		HideSolutionNode = FALSE
	EndGlobalSection
	GlobalSection(ExtensibilityGlobals) = postSolution
		SolutionGuid = {03995170-0110-4C2A-BE97-D6523F6515DC}
	EndGlobalSection
EndGlobal
