
Microsoft Visual Studio Solution File, Format Version 12.00
# Visual Studio Version 16
VisualStudioVersion = 16.0.31112.23
MinimumVisualStudioVersion = 10.0.40219.1
Project("{9A19103F-16F7-4668-BE54-9A1E7A4F7556}") = "UKAD", "UKAD\UKAD.csproj", "{15ED8276-BF06-4C92-BEFA-FB60856969E2}"
EndProject
Project("{FAE04EC0-301F-11D3-BF4B-00C04F79EFBC}") = "UKAD.Tests", "UKAD.Tests\UKAD.Tests.csproj", "{4D6FE5AC-F144-482B-96B0-FDF8F369940E}"
EndProject
Global
	GlobalSection(SolutionConfigurationPlatforms) = preSolution
		Debug|Any CPU = Debug|Any CPU
		Release|Any CPU = Release|Any CPU
	EndGlobalSection
	GlobalSection(ProjectConfigurationPlatforms) = postSolution
		{15ED8276-BF06-4C92-BEFA-FB60856969E2}.Debug|Any CPU.ActiveCfg = Debug|Any CPU
		{15ED8276-BF06-4C92-BEFA-FB60856969E2}.Debug|Any CPU.Build.0 = Debug|Any CPU
		{15ED8276-BF06-4C92-BEFA-FB60856969E2}.Release|Any CPU.ActiveCfg = Release|Any CPU
		{15ED8276-BF06-4C92-BEFA-FB60856969E2}.Release|Any CPU.Build.0 = Release|Any CPU
		{4D6FE5AC-F144-482B-96B0-FDF8F369940E}.Debug|Any CPU.ActiveCfg = Debug|Any CPU
		{4D6FE5AC-F144-482B-96B0-FDF8F369940E}.Debug|Any CPU.Build.0 = Debug|Any CPU
		{4D6FE5AC-F144-482B-96B0-FDF8F369940E}.Release|Any CPU.ActiveCfg = Release|Any CPU
		{4D6FE5AC-F144-482B-96B0-FDF8F369940E}.Release|Any CPU.Build.0 = Release|Any CPU
	EndGlobalSection
	GlobalSection(SolutionProperties) = preSolution
		HideSolutionNode = FALSE
	EndGlobalSection
	GlobalSection(ExtensibilityGlobals) = postSolution
		SolutionGuid = {03995170-0110-4C2A-BE97-D6523F6515DC}
	EndGlobalSection
EndGlobal
